
Microsoft Visual Studio Solution File, Format Version 12.00
# Visual Studio Version 17
VisualStudioVersion = 17.5.33530.505
MinimumVisualStudioVersion = 10.0.40219.1
Project("{FAE04EC0-301F-11D3-BF4B-00C04F79EFBC}") = "LogProxyApi", "LogProxyApi\LogProxyApi.csproj", "{178F29D3-B174-4363-94AA-880A12CF37CC}"
EndProject
Global
	GlobalSection(SolutionConfigurationPlatforms) = preSolution
		Debug|Any CPU = Debug|Any CPU
		Release|Any CPU = Release|Any CPU
	EndGlobalSection
	GlobalSection(ProjectConfigurationPlatforms) = postSolution
		{178F29D3-B174-4363-94AA-880A12CF37CC}.Debug|Any CPU.ActiveCfg = Debug|Any CPU
		{178F29D3-B174-4363-94AA-880A12CF37CC}.Debug|Any CPU.Build.0 = Debug|Any CPU
		{178F29D3-B174-4363-94AA-880A12CF37CC}.Release|Any CPU.ActiveCfg = Release|Any CPU
		{178F29D3-B174-4363-94AA-880A12CF37CC}.Release|Any CPU.Build.0 = Release|Any CPU
	EndGlobalSection
	GlobalSection(SolutionProperties) = preSolution
		HideSolutionNode = FALSE
	EndGlobalSection
	GlobalSection(ExtensibilityGlobals) = postSolution
		SolutionGuid = {5BF927FE-1C31-43C0-B612-9CF1202A6D8C}
	EndGlobalSection
EndGlobal
